// !$*UTF8*$!
{
	archiveVersion = 1;
	classes = {
	};
	objectVersion = 56;
	objects = {

/* Begin PBXBuildFile section */
		69312B742B561B8A0089505F /* AppDelegate.swift in Sources */ = {isa = PBXBuildFile; fileRef = 69312B732B561B8A0089505F /* AppDelegate.swift */; };
		69312B762B561B8A0089505F /* SceneDelegate.swift in Sources */ = {isa = PBXBuildFile; fileRef = 69312B752B561B8A0089505F /* SceneDelegate.swift */; };
		69312B782B561B8A0089505F /* ViewController.swift in Sources */ = {isa = PBXBuildFile; fileRef = 69312B772B561B8A0089505F /* ViewController.swift */; };
		69312B7B2B561B8A0089505F /* Main.storyboard in Resources */ = {isa = PBXBuildFile; fileRef = 69312B792B561B8A0089505F /* Main.storyboard */; };
		69312B7D2B561B8B0089505F /* Assets.xcassets in Resources */ = {isa = PBXBuildFile; fileRef = 69312B7C2B561B8B0089505F /* Assets.xcassets */; };
		69312B802B561B8B0089505F /* LaunchScreen.storyboard in Resources */ = {isa = PBXBuildFile; fileRef = 69312B7E2B561B8B0089505F /* LaunchScreen.storyboard */; };
		69312B8B2B561BCF0089505F /* Text.cpp in Sources */ = {isa = PBXBuildFile; fileRef = 69312B892B561BCF0089505F /* Text.cpp */; };
		69312B8E2B561F6E0089505F /* text.fs in Resources */ = {isa = PBXBuildFile; fileRef = 69312B8C2B561F6D0089505F /* text.fs */; };
		69312B8F2B561F6E0089505F /* text.vs in Resources */ = {isa = PBXBuildFile; fileRef = 69312B8D2B561F6D0089505F /* text.vs */; };
		69312B912B5627C60089505F /* Antonio-Bold.ttf in Resources */ = {isa = PBXBuildFile; fileRef = 69312B902B5621BC0089505F /* Antonio-Bold.ttf */; };
		D66A7423A5A51F20E07FB5FA /* Pods_Swift_Text.framework in Frameworks */ = {isa = PBXBuildFile; fileRef = 68CFF1CAF8FD66854698632C /* Pods_Swift_Text.framework */; };
/* End PBXBuildFile section */

/* Begin PBXFileReference section */
		68CFF1CAF8FD66854698632C /* Pods_Swift_Text.framework */ = {isa = PBXFileReference; explicitFileType = wrapper.framework; includeInIndex = 0; path = Pods_Swift_Text.framework; sourceTree = BUILT_PRODUCTS_DIR; };
		69312B702B561B8A0089505F /* Swift_Text.app */ = {isa = PBXFileReference; explicitFileType = wrapper.application; includeInIndex = 0; path = Swift_Text.app; sourceTree = BUILT_PRODUCTS_DIR; };
		69312B732B561B8A0089505F /* AppDelegate.swift */ = {isa = PBXFileReference; lastKnownFileType = sourcecode.swift; path = AppDelegate.swift; sourceTree = "<group>"; };
		69312B752B561B8A0089505F /* SceneDelegate.swift */ = {isa = PBXFileReference; lastKnownFileType = sourcecode.swift; path = SceneDelegate.swift; sourceTree = "<group>"; };
		69312B772B561B8A0089505F /* ViewController.swift */ = {isa = PBXFileReference; lastKnownFileType = sourcecode.swift; path = ViewController.swift; sourceTree = "<group>"; };
		69312B7A2B561B8A0089505F /* Base */ = {isa = PBXFileReference; lastKnownFileType = file.storyboard; name = Base; path = Base.lproj/Main.storyboard; sourceTree = "<group>"; };
		69312B7C2B561B8B0089505F /* Assets.xcassets */ = {isa = PBXFileReference; lastKnownFileType = folder.assetcatalog; path = Assets.xcassets; sourceTree = "<group>"; };
		69312B7F2B561B8B0089505F /* Base */ = {isa = PBXFileReference; lastKnownFileType = file.storyboard; name = Base; path = Base.lproj/LaunchScreen.storyboard; sourceTree = "<group>"; };
		69312B812B561B8B0089505F /* Info.plist */ = {isa = PBXFileReference; lastKnownFileType = text.plist.xml; path = Info.plist; sourceTree = "<group>"; };
		69312B882B561BCE0089505F /* Swift_Text-Bridging-Header.h */ = {isa = PBXFileReference; lastKnownFileType = sourcecode.c.h; path = "Swift_Text-Bridging-Header.h"; sourceTree = "<group>"; };
		69312B892B561BCF0089505F /* Text.cpp */ = {isa = PBXFileReference; lastKnownFileType = sourcecode.cpp.cpp; path = Text.cpp; sourceTree = "<group>"; };
		69312B8A2B561BCF0089505F /* Text.hpp */ = {isa = PBXFileReference; lastKnownFileType = sourcecode.cpp.h; path = Text.hpp; sourceTree = "<group>"; };
		69312B8C2B561F6D0089505F /* text.fs */ = {isa = PBXFileReference; fileEncoding = 4; lastKnownFileType = sourcecode.glsl; path = text.fs; sourceTree = "<group>"; };
		69312B8D2B561F6D0089505F /* text.vs */ = {isa = PBXFileReference; fileEncoding = 4; lastKnownFileType = sourcecode.glsl; path = text.vs; sourceTree = "<group>"; };
		69312B902B5621BC0089505F /* Antonio-Bold.ttf */ = {isa = PBXFileReference; lastKnownFileType = file; path = "Antonio-Bold.ttf"; sourceTree = "<group>"; };
		A5531C0BC5117EC026924B86 /* Pods-Swift_Text.release.xcconfig */ = {isa = PBXFileReference; includeInIndex = 1; lastKnownFileType = text.xcconfig; name = "Pods-Swift_Text.release.xcconfig"; path = "Target Support Files/Pods-Swift_Text/Pods-Swift_Text.release.xcconfig"; sourceTree = "<group>"; };
		ADF44428D1FADAB505DAF8C0 /* Pods-Swift_Text.debug.xcconfig */ = {isa = PBXFileReference; includeInIndex = 1; lastKnownFileType = text.xcconfig; name = "Pods-Swift_Text.debug.xcconfig"; path = "Target Support Files/Pods-Swift_Text/Pods-Swift_Text.debug.xcconfig"; sourceTree = "<group>"; };
/* End PBXFileReference section */

/* Begin PBXFrameworksBuildPhase section */
		69312B6D2B561B8A0089505F /* Frameworks */ = {
			isa = PBXFrameworksBuildPhase;
			buildActionMask = 2147483647;
			files = (
				D66A7423A5A51F20E07FB5FA /* Pods_Swift_Text.framework in Frameworks */,
			);
			runOnlyForDeploymentPostprocessing = 0;
		};
/* End PBXFrameworksBuildPhase section */

/* Begin PBXGroup section */
		69312B672B561B8A0089505F = {
			isa = PBXGroup;
			children = (
				69312B722B561B8A0089505F /* Swift_Text */,
				69312B712B561B8A0089505F /* Products */,
				DFA12169A024148CA71E650D /* Pods */,
				F5024CEB1C218CB68BECC72B /* Frameworks */,
			);
			sourceTree = "<group>";
		};
		69312B712B561B8A0089505F /* Products */ = {
			isa = PBXGroup;
			children = (
				69312B702B561B8A0089505F /* Swift_Text.app */,
			);
			name = Products;
			sourceTree = "<group>";
		};
		69312B722B561B8A0089505F /* Swift_Text */ = {
			isa = PBXGroup;
			children = (
				69312B872B561B930089505F /* Text */,
				69312B732B561B8A0089505F /* AppDelegate.swift */,
				69312B752B561B8A0089505F /* SceneDelegate.swift */,
				69312B772B561B8A0089505F /* ViewController.swift */,
				69312B792B561B8A0089505F /* Main.storyboard */,
				69312B7C2B561B8B0089505F /* Assets.xcassets */,
				69312B7E2B561B8B0089505F /* LaunchScreen.storyboard */,
				69312B812B561B8B0089505F /* Info.plist */,
			);
			path = Swift_Text;
			sourceTree = "<group>";
		};
		69312B872B561B930089505F /* Text */ = {
			isa = PBXGroup;
			children = (
				69312B902B5621BC0089505F /* Antonio-Bold.ttf */,
				69312B8C2B561F6D0089505F /* text.fs */,
				69312B8D2B561F6D0089505F /* text.vs */,
				69312B892B561BCF0089505F /* Text.cpp */,
				69312B8A2B561BCF0089505F /* Text.hpp */,
				69312B882B561BCE0089505F /* Swift_Text-Bridging-Header.h */,
			);
			path = Text;
			sourceTree = "<group>";
		};
		DFA12169A024148CA71E650D /* Pods */ = {
			isa = PBXGroup;
			children = (
				ADF44428D1FADAB505DAF8C0 /* Pods-Swift_Text.debug.xcconfig */,
				A5531C0BC5117EC026924B86 /* Pods-Swift_Text.release.xcconfig */,
			);
			path = Pods;
			sourceTree = "<group>";
		};
		F5024CEB1C218CB68BECC72B /* Frameworks */ = {
			isa = PBXGroup;
			children = (
				68CFF1CAF8FD66854698632C /* Pods_Swift_Text.framework */,
			);
			name = Frameworks;
			sourceTree = "<group>";
		};
/* End PBXGroup section */

/* Begin PBXNativeTarget section */
		69312B6F2B561B8A0089505F /* Swift_Text */ = {
			isa = PBXNativeTarget;
			buildConfigurationList = 69312B842B561B8B0089505F /* Build configuration list for PBXNativeTarget "Swift_Text" */;
			buildPhases = (
				A03F1D1919094173CA78A684 /* [CP] Check Pods Manifest.lock */,
				69312B6C2B561B8A0089505F /* Sources */,
				69312B6D2B561B8A0089505F /* Frameworks */,
				69312B6E2B561B8A0089505F /* Resources */,
				6790032942E2A56B4FC5AA36 /* [CP] Embed Pods Frameworks */,
			);
			buildRules = (
			);
			dependencies = (
			);
			name = Swift_Text;
			productName = Swift_Text;
			productReference = 69312B702B561B8A0089505F /* Swift_Text.app */;
			productType = "com.apple.product-type.application";
		};
/* End PBXNativeTarget section */

/* Begin PBXProject section */
		69312B682B561B8A0089505F /* Project object */ = {
			isa = PBXProject;
			attributes = {
				BuildIndependentTargetsInParallel = 1;
				LastSwiftUpdateCheck = 1520;
				LastUpgradeCheck = 1520;
				TargetAttributes = {
					69312B6F2B561B8A0089505F = {
						CreatedOnToolsVersion = 15.2;
						LastSwiftMigration = 1520;
					};
				};
			};
			buildConfigurationList = 69312B6B2B561B8A0089505F /* Build configuration list for PBXProject "Swift_Text" */;
			compatibilityVersion = "Xcode 14.0";
			developmentRegion = en;
			hasScannedForEncodings = 0;
			knownRegions = (
				en,
				Base,
			);
			mainGroup = 69312B672B561B8A0089505F;
			productRefGroup = 69312B712B561B8A0089505F /* Products */;
			projectDirPath = "";
			projectRoot = "";
			targets = (
				69312B6F2B561B8A0089505F /* Swift_Text */,
			);
		};
/* End PBXProject section */

/* Begin PBXResourcesBuildPhase section */
		69312B6E2B561B8A0089505F /* Resources */ = {
			isa = PBXResourcesBuildPhase;
			buildActionMask = 2147483647;
			files = (
				69312B912B5627C60089505F /* Antonio-Bold.ttf in Resources */,
				69312B802B561B8B0089505F /* LaunchScreen.storyboard in Resources */,
				69312B8F2B561F6E0089505F /* text.vs in Resources */,
				69312B7D2B561B8B0089505F /* Assets.xcassets in Resources */,
				69312B7B2B561B8A0089505F /* Main.storyboard in Resources */,
				69312B8E2B561F6E0089505F /* text.fs in Resources */,
			);
			runOnlyForDeploymentPostprocessing = 0;
		};
/* End PBXResourcesBuildPhase section */

/* Begin PBXShellScriptBuildPhase section */
		6790032942E2A56B4FC5AA36 /* [CP] Embed Pods Frameworks */ = {
			isa = PBXShellScriptBuildPhase;
			buildActionMask = 2147483647;
			files = (
			);
			inputFileListPaths = (
				"${PODS_ROOT}/Target Support Files/Pods-Swift_Text/Pods-Swift_Text-frameworks-${CONFIGURATION}-input-files.xcfilelist",
			);
			name = "[CP] Embed Pods Frameworks";
			outputFileListPaths = (
				"${PODS_ROOT}/Target Support Files/Pods-Swift_Text/Pods-Swift_Text-frameworks-${CONFIGURATION}-output-files.xcfilelist",
			);
			runOnlyForDeploymentPostprocessing = 0;
			shellPath = /bin/sh;
			shellScript = "\"${PODS_ROOT}/Target Support Files/Pods-Swift_Text/Pods-Swift_Text-frameworks.sh\"\n";
			showEnvVarsInLog = 0;
		};
		A03F1D1919094173CA78A684 /* [CP] Check Pods Manifest.lock */ = {
			isa = PBXShellScriptBuildPhase;
			buildActionMask = 2147483647;
			files = (
			);
			inputFileListPaths = (
			);
			inputPaths = (
				"${PODS_PODFILE_DIR_PATH}/Podfile.lock",
				"${PODS_ROOT}/Manifest.lock",
			);
			name = "[CP] Check Pods Manifest.lock";
			outputFileListPaths = (
			);
			outputPaths = (
				"$(DERIVED_FILE_DIR)/Pods-Swift_Text-checkManifestLockResult.txt",
			);
			runOnlyForDeploymentPostprocessing = 0;
			shellPath = /bin/sh;
			shellScript = "diff \"${PODS_PODFILE_DIR_PATH}/Podfile.lock\" \"${PODS_ROOT}/Manifest.lock\" > /dev/null\nif [ $? != 0 ] ; then\n    # print error to STDERR\n    echo \"error: The sandbox is not in sync with the Podfile.lock. Run 'pod install' or update your CocoaPods installation.\" >&2\n    exit 1\nfi\n# This output is used by Xcode 'outputs' to avoid re-running this script phase.\necho \"SUCCESS\" > \"${SCRIPT_OUTPUT_FILE_0}\"\n";
			showEnvVarsInLog = 0;
		};
/* End PBXShellScriptBuildPhase section */

/* Begin PBXSourcesBuildPhase section */
		69312B6C2B561B8A0089505F /* Sources */ = {
			isa = PBXSourcesBuildPhase;
			buildActionMask = 2147483647;
			files = (
				69312B782B561B8A0089505F /* ViewController.swift in Sources */,
				69312B742B561B8A0089505F /* AppDelegate.swift in Sources */,
				69312B8B2B561BCF0089505F /* Text.cpp in Sources */,
				69312B762B561B8A0089505F /* SceneDelegate.swift in Sources */,
			);
			runOnlyForDeploymentPostprocessing = 0;
		};
/* End PBXSourcesBuildPhase section */

/* Begin PBXVariantGroup section */
		69312B792B561B8A0089505F /* Main.storyboard */ = {
			isa = PBXVariantGroup;
			children = (
				69312B7A2B561B8A0089505F /* Base */,
			);
			name = Main.storyboard;
			sourceTree = "<group>";
		};
		69312B7E2B561B8B0089505F /* LaunchScreen.storyboard */ = {
			isa = PBXVariantGroup;
			children = (
				69312B7F2B561B8B0089505F /* Base */,
			);
			name = LaunchScreen.storyboard;
			sourceTree = "<group>";
		};
/* End PBXVariantGroup section */

/* Begin XCBuildConfiguration section */
		69312B822B561B8B0089505F /* Debug */ = {
			isa = XCBuildConfiguration;
			buildSettings = {
				ALWAYS_SEARCH_USER_PATHS = NO;
				ASSETCATALOG_COMPILER_GENERATE_SWIFT_ASSET_SYMBOL_EXTENSIONS = YES;
				CLANG_ANALYZER_NONNULL = YES;
				CLANG_ANALYZER_NUMBER_OBJECT_CONVERSION = YES_AGGRESSIVE;
				CLANG_CXX_LANGUAGE_STANDARD = "gnu++20";
				CLANG_ENABLE_MODULES = YES;
				CLANG_ENABLE_OBJC_ARC = YES;
				CLANG_ENABLE_OBJC_WEAK = YES;
				CLANG_WARN_BLOCK_CAPTURE_AUTORELEASING = YES;
				CLANG_WARN_BOOL_CONVERSION = YES;
				CLANG_WARN_COMMA = YES;
				CLANG_WARN_CONSTANT_CONVERSION = YES;
				CLANG_WARN_DEPRECATED_OBJC_IMPLEMENTATIONS = YES;
				CLANG_WARN_DIRECT_OBJC_ISA_USAGE = YES_ERROR;
				CLANG_WARN_DOCUMENTATION_COMMENTS = YES;
				CLANG_WARN_EMPTY_BODY = YES;
				CLANG_WARN_ENUM_CONVERSION = YES;
				CLANG_WARN_INFINITE_RECURSION = YES;
				CLANG_WARN_INT_CONVERSION = YES;
				CLANG_WARN_NON_LITERAL_NULL_CONVERSION = YES;
				CLANG_WARN_OBJC_IMPLICIT_RETAIN_SELF = YES;
				CLANG_WARN_OBJC_LITERAL_CONVERSION = YES;
				CLANG_WARN_OBJC_ROOT_CLASS = YES_ERROR;
				CLANG_WARN_QUOTED_INCLUDE_IN_FRAMEWORK_HEADER = YES;
				CLANG_WARN_RANGE_LOOP_ANALYSIS = YES;
				CLANG_WARN_STRICT_PROTOTYPES = YES;
				CLANG_WARN_SUSPICIOUS_MOVE = YES;
				CLANG_WARN_UNGUARDED_AVAILABILITY = YES_AGGRESSIVE;
				CLANG_WARN_UNREACHABLE_CODE = YES;
				CLANG_WARN__DUPLICATE_METHOD_MATCH = YES;
				COPY_PHASE_STRIP = NO;
				DEBUG_INFORMATION_FORMAT = dwarf;
				ENABLE_STRICT_OBJC_MSGSEND = YES;
				ENABLE_TESTABILITY = YES;
				ENABLE_USER_SCRIPT_SANDBOXING = YES;
				GCC_C_LANGUAGE_STANDARD = gnu17;
				GCC_DYNAMIC_NO_PIC = NO;
				GCC_NO_COMMON_BLOCKS = YES;
				GCC_OPTIMIZATION_LEVEL = 0;
				GCC_PREPROCESSOR_DEFINITIONS = (
					"DEBUG=1",
					"$(inherited)",
				);
				GCC_WARN_64_TO_32_BIT_CONVERSION = YES;
				GCC_WARN_ABOUT_RETURN_TYPE = YES_ERROR;
				GCC_WARN_UNDECLARED_SELECTOR = YES;
				GCC_WARN_UNINITIALIZED_AUTOS = YES_AGGRESSIVE;
				GCC_WARN_UNUSED_FUNCTION = YES;
				GCC_WARN_UNUSED_VARIABLE = YES;
				IPHONEOS_DEPLOYMENT_TARGET = 17.2;
				LOCALIZATION_PREFERS_STRING_CATALOGS = YES;
				MTL_ENABLE_DEBUG_INFO = INCLUDE_SOURCE;
				MTL_FAST_MATH = YES;
				ONLY_ACTIVE_ARCH = YES;
				SDKROOT = iphoneos;
				SWIFT_ACTIVE_COMPILATION_CONDITIONS = "DEBUG $(inherited)";
				SWIFT_OPTIMIZATION_LEVEL = "-Onone";
			};
			name = Debug;
		};
		69312B832B561B8B0089505F /* Release */ = {
			isa = XCBuildConfiguration;
			buildSettings = {
				ALWAYS_SEARCH_USER_PATHS = NO;
				ASSETCATALOG_COMPILER_GENERATE_SWIFT_ASSET_SYMBOL_EXTENSIONS = YES;
				CLANG_ANALYZER_NONNULL = YES;
				CLANG_ANALYZER_NUMBER_OBJECT_CONVERSION = YES_AGGRESSIVE;
				CLANG_CXX_LANGUAGE_STANDARD = "gnu++20";
				CLANG_ENABLE_MODULES = YES;
				CLANG_ENABLE_OBJC_ARC = YES;
				CLANG_ENABLE_OBJC_WEAK = YES;
				CLANG_WARN_BLOCK_CAPTURE_AUTORELEASING = YES;
				CLANG_WARN_BOOL_CONVERSION = YES;
				CLANG_WARN_COMMA = YES;
				CLANG_WARN_CONSTANT_CONVERSION = YES;
				CLANG_WARN_DEPRECATED_OBJC_IMPLEMENTATIONS = YES;
				CLANG_WARN_DIRECT_OBJC_ISA_USAGE = YES_ERROR;
				CLANG_WARN_DOCUMENTATION_COMMENTS = YES;
				CLANG_WARN_EMPTY_BODY = YES;
				CLANG_WARN_ENUM_CONVERSION = YES;
				CLANG_WARN_INFINITE_RECURSION = YES;
				CLANG_WARN_INT_CONVERSION = YES;
				CLANG_WARN_NON_LITERAL_NULL_CONVERSION = YES;
				CLANG_WARN_OBJC_IMPLICIT_RETAIN_SELF = YES;
				CLANG_WARN_OBJC_LITERAL_CONVERSION = YES;
				CLANG_WARN_OBJC_ROOT_CLASS = YES_ERROR;
				CLANG_WARN_QUOTED_INCLUDE_IN_FRAMEWORK_HEADER = YES;
				CLANG_WARN_RANGE_LOOP_ANALYSIS = YES;
				CLANG_WARN_STRICT_PROTOTYPES = YES;
				CLANG_WARN_SUSPICIOUS_MOVE = YES;
				CLANG_WARN_UNGUARDED_AVAILABILITY = YES_AGGRESSIVE;
				CLANG_WARN_UNREACHABLE_CODE = YES;
				CLANG_WARN__DUPLICATE_METHOD_MATCH = YES;
				COPY_PHASE_STRIP = NO;
				DEBUG_INFORMATION_FORMAT = "dwarf-with-dsym";
				ENABLE_NS_ASSERTIONS = NO;
				ENABLE_STRICT_OBJC_MSGSEND = YES;
				ENABLE_USER_SCRIPT_SANDBOXING = YES;
				GCC_C_LANGUAGE_STANDARD = gnu17;
				GCC_NO_COMMON_BLOCKS = YES;
				GCC_WARN_64_TO_32_BIT_CONVERSION = YES;
				GCC_WARN_ABOUT_RETURN_TYPE = YES_ERROR;
				GCC_WARN_UNDECLARED_SELECTOR = YES;
				GCC_WARN_UNINITIALIZED_AUTOS = YES_AGGRESSIVE;
				GCC_WARN_UNUSED_FUNCTION = YES;
				GCC_WARN_UNUSED_VARIABLE = YES;
				IPHONEOS_DEPLOYMENT_TARGET = 17.2;
				LOCALIZATION_PREFERS_STRING_CATALOGS = YES;
				MTL_ENABLE_DEBUG_INFO = NO;
				MTL_FAST_MATH = YES;
				SDKROOT = iphoneos;
				SWIFT_COMPILATION_MODE = wholemodule;
				VALIDATE_PRODUCT = YES;
			};
			name = Release;
		};
		69312B852B561B8B0089505F /* Debug */ = {
			isa = XCBuildConfiguration;
			baseConfigurationReference = ADF44428D1FADAB505DAF8C0 /* Pods-Swift_Text.debug.xcconfig */;
			buildSettings = {
				ASSETCATALOG_COMPILER_APPICON_NAME = AppIcon;
				ASSETCATALOG_COMPILER_GLOBAL_ACCENT_COLOR_NAME = AccentColor;
				CLANG_ENABLE_MODULES = YES;
				CODE_SIGN_STYLE = Automatic;
				CURRENT_PROJECT_VERSION = 1;
				DEVELOPMENT_TEAM = 7KTMC558L5;
				ENABLE_USER_SCRIPT_SANDBOXING = NO;
				GCC_PREPROCESSOR_DEFINITIONS = (
					"$(inherited)",
					"COCOAPODS=1",
					"GLES_SILENCE_DEPRECATION=1",
				);
				GENERATE_INFOPLIST_FILE = YES;
				INFOPLIST_FILE = Swift_Text/Info.plist;
				INFOPLIST_KEY_UIApplicationSupportsIndirectInputEvents = YES;
				INFOPLIST_KEY_UILaunchStoryboardName = LaunchScreen;
				INFOPLIST_KEY_UIMainStoryboardFile = Main;
				INFOPLIST_KEY_UISupportedInterfaceOrientations_iPad = "UIInterfaceOrientationPortrait UIInterfaceOrientationPortraitUpsideDown UIInterfaceOrientationLandscapeLeft UIInterfaceOrientationLandscapeRight";
				INFOPLIST_KEY_UISupportedInterfaceOrientations_iPhone = "UIInterfaceOrientationPortrait UIInterfaceOrientationLandscapeLeft UIInterfaceOrientationLandscapeRight";
				LD_RUNPATH_SEARCH_PATHS = (
					"$(inherited)",
					"@executable_path/Frameworks",
				);
				MARKETING_VERSION = 1.0;
				OTHER_CPLUSPLUSFLAGS = (
					"$(OTHER_CFLAGS)",
					"-Wno-module-import-in-extern-c",
				);
				PRODUCT_BUNDLE_IDENTIFIER = "com.test.Swift-Text";
				PRODUCT_NAME = "$(TARGET_NAME)";
				SWIFT_EMIT_LOC_STRINGS = YES;
				SWIFT_OBJC_BRIDGING_HEADER = "Swift_Text/Text/Swift_Text-Bridging-Header.h";
				SWIFT_OBJC_INTEROP_MODE = objcxx;
				SWIFT_OPTIMIZATION_LEVEL = "-Onone";
				SWIFT_VERSION = 5.0;
				TARGETED_DEVICE_FAMILY = "1,2";
			};
			name = Debug;
		};
		69312B862B561B8B0089505F /* Release */ = {
			isa = XCBuildConfiguration;
			baseConfigurationReference = A5531C0BC5117EC026924B86 /* Pods-Swift_Text.release.xcconfig */;
			buildSettings = {
				ASSETCATALOG_COMPILER_APPICON_NAME = AppIcon;
				ASSETCATALOG_COMPILER_GLOBAL_ACCENT_COLOR_NAME = AccentColor;
				CLANG_ENABLE_MODULES = YES;
				CODE_SIGN_STYLE = Automatic;
				CURRENT_PROJECT_VERSION = 1;
				DEVELOPMENT_TEAM = 7KTMC558L5;
				ENABLE_USER_SCRIPT_SANDBOXING = NO;
				GCC_PREPROCESSOR_DEFINITIONS = (
					"$(inherited)",
					"COCOAPODS=1",
					"GLES_SILENCE_DEPRECATION=1",
				);
				GENERATE_INFOPLIST_FILE = YES;
				INFOPLIST_FILE = Swift_Text/Info.plist;
				INFOPLIST_KEY_UIApplicationSupportsIndirectInputEvents = YES;
				INFOPLIST_KEY_UILaunchStoryboardName = LaunchScreen;
				INFOPLIST_KEY_UIMainStoryboardFile = Main;
				INFOPLIST_KEY_UISupportedInterfaceOrientations_iPad = "UIInterfaceOrientationPortrait UIInterfaceOrientationPortraitUpsideDown UIInterfaceOrientationLandscapeLeft UIInterfaceOrientationLandscapeRight";
				INFOPLIST_KEY_UISupportedInterfaceOrientations_iPhone = "UIInterfaceOrientationPortrait UIInterfaceOrientationLandscapeLeft UIInterfaceOrientationLandscapeRight";
				LD_RUNPATH_SEARCH_PATHS = (
					"$(inherited)",
					"@executable_path/Frameworks",
				);
				MARKETING_VERSION = 1.0;
				OTHER_CPLUSPLUSFLAGS = (
					"$(OTHER_CFLAGS)",
					"-Wno-module-import-in-extern-c",
				);
				PRODUCT_BUNDLE_IDENTIFIER = "com.test.Swift-Text";
				PRODUCT_NAME = "$(TARGET_NAME)";
				SWIFT_EMIT_LOC_STRINGS = YES;
				SWIFT_OBJC_BRIDGING_HEADER = "Swift_Text/Text/Swift_Text-Bridging-Header.h";
				SWIFT_OBJC_INTEROP_MODE = objcxx;
				SWIFT_VERSION = 5.0;
				TARGETED_DEVICE_FAMILY = "1,2";
			};
			name = Release;
		};
/* End XCBuildConfiguration section */

/* Begin XCConfigurationList section */
		69312B6B2B561B8A0089505F /* Build configuration list for PBXProject "Swift_Text" */ = {
			isa = XCConfigurationList;
			buildConfigurations = (
				69312B822B561B8B0089505F /* Debug */,
				69312B832B561B8B0089505F /* Release */,
			);
			defaultConfigurationIsVisible = 0;
			defaultConfigurationName = Release;
		};
		69312B842B561B8B0089505F /* Build configuration list for PBXNativeTarget "Swift_Text" */ = {
			isa = XCConfigurationList;
			buildConfigurations = (
				69312B852B561B8B0089505F /* Debug */,
				69312B862B561B8B0089505F /* Release */,
			);
			defaultConfigurationIsVisible = 0;
			defaultConfigurationName = Release;
		};
/* End XCConfigurationList section */
	};
	rootObject = 69312B682B561B8A0089505F /* Project object */;
}
